
Microsoft Visual Studio Solution File, Format Version 12.00
# Visual Studio 15
VisualStudioVersion = 15.0.27428.2037
MinimumVisualStudioVersion = 10.0.40219.1
Project("{FAE04EC0-301F-11D3-BF4B-00C04F79EFBC}") = "ViewModels.ApplicationState", "ViewModels.ApplicationState\ViewModels.ApplicationState.csproj", "{A4A3A5EF-3F85-47A5-A39C-DF936CAE60AC}"
EndProject
Project("{FAE04EC0-301F-11D3-BF4B-00C04F79EFBC}") = "ViewModels.ApplicationState.Tests", "ViewModels.ApplicationState.Tests\ViewModels.ApplicationState.Tests.csproj", "{FF7387B9-DE1A-4E47-8BEF-262D471B0B58}"
EndProject
Global
	GlobalSection(SolutionConfigurationPlatforms) = preSolution
		Debug|Any CPU = Debug|Any CPU
		Release|Any CPU = Release|Any CPU
	EndGlobalSection
	GlobalSection(ProjectConfigurationPlatforms) = postSolution
		{A4A3A5EF-3F85-47A5-A39C-DF936CAE60AC}.Debug|Any CPU.ActiveCfg = Debug|Any CPU
		{A4A3A5EF-3F85-47A5-A39C-DF936CAE60AC}.Debug|Any CPU.Build.0 = Debug|Any CPU
		{A4A3A5EF-3F85-47A5-A39C-DF936CAE60AC}.Release|Any CPU.ActiveCfg = Release|Any CPU
		{A4A3A5EF-3F85-47A5-A39C-DF936CAE60AC}.Release|Any CPU.Build.0 = Release|Any CPU
		{FF7387B9-DE1A-4E47-8BEF-262D471B0B58}.Debug|Any CPU.ActiveCfg = Debug|Any CPU
		{FF7387B9-DE1A-4E47-8BEF-262D471B0B58}.Debug|Any CPU.Build.0 = Debug|Any CPU
		{FF7387B9-DE1A-4E47-8BEF-262D471B0B58}.Release|Any CPU.ActiveCfg = Release|Any CPU
		{FF7387B9-DE1A-4E47-8BEF-262D471B0B58}.Release|Any CPU.Build.0 = Release|Any CPU
	EndGlobalSection
	GlobalSection(SolutionProperties) = preSolution
		HideSolutionNode = FALSE
	EndGlobalSection
	GlobalSection(ExtensibilityGlobals) = postSolution
		SolutionGuid = {FD9674CB-AD88-4076-B2ED-1EA637F09BC8}
	EndGlobalSection
EndGlobal
